// !$*UTF8*$!
{
	archiveVersion = 1;
	classes = {
	};
	objectVersion = 46;
	objects = {

/* Begin PBXBuildFile section */
		72DFD65E1AD780F70006BDEB /* AppDelegate.swift in Sources */ = {isa = PBXBuildFile; fileRef = 72DFD65D1AD780F70006BDEB /* AppDelegate.swift */; };
		72DFD6601AD780F70006BDEB /* ViewController.swift in Sources */ = {isa = PBXBuildFile; fileRef = 72DFD65F1AD780F70006BDEB /* ViewController.swift */; };
		72DFD6631AD780F70006BDEB /* Main.storyboard in Resources */ = {isa = PBXBuildFile; fileRef = 72DFD6611AD780F70006BDEB /* Main.storyboard */; };
		72DFD6651AD780F70006BDEB /* Images.xcassets in Resources */ = {isa = PBXBuildFile; fileRef = 72DFD6641AD780F70006BDEB /* Images.xcassets */; };
		72DFD6681AD780F70006BDEB /* LaunchScreen.xib in Resources */ = {isa = PBXBuildFile; fileRef = 72DFD6661AD780F70006BDEB /* LaunchScreen.xib */; };
		72DFD6741AD780F70006BDEB /* PostcardTests.swift in Sources */ = {isa = PBXBuildFile; fileRef = 72DFD6731AD780F70006BDEB /* PostcardTests.swift */; };
/* End PBXBuildFile section */

/* Begin PBXContainerItemProxy section */
		72DFD66E1AD780F70006BDEB /* PBXContainerItemProxy */ = {
			isa = PBXContainerItemProxy;
			containerPortal = 72DFD6501AD780F70006BDEB /* Project object */;
			proxyType = 1;
			remoteGlobalIDString = 72DFD6571AD780F70006BDEB;
			remoteInfo = Postcard;
		};
/* End PBXContainerItemProxy section */

/* Begin PBXFileReference section */
		72DFD6581AD780F70006BDEB /* Postcard.app */ = {isa = PBXFileReference; explicitFileType = wrapper.application; includeInIndex = 0; path = Postcard.app; sourceTree = BUILT_PRODUCTS_DIR; };
		72DFD65C1AD780F70006BDEB /* Info.plist */ = {isa = PBXFileReference; lastKnownFileType = text.plist.xml; path = Info.plist; sourceTree = "<group>"; };
		72DFD65D1AD780F70006BDEB /* AppDelegate.swift */ = {isa = PBXFileReference; lastKnownFileType = sourcecode.swift; path = AppDelegate.swift; sourceTree = "<group>"; };
		72DFD65F1AD780F70006BDEB /* ViewController.swift */ = {isa = PBXFileReference; lastKnownFileType = sourcecode.swift; path = ViewController.swift; sourceTree = "<group>"; };
		72DFD6621AD780F70006BDEB /* Base */ = {isa = PBXFileReference; lastKnownFileType = file.storyboard; name = Base; path = Base.lproj/Main.storyboard; sourceTree = "<group>"; };
		72DFD6641AD780F70006BDEB /* Images.xcassets */ = {isa = PBXFileReference; lastKnownFileType = folder.assetcatalog; path = Images.xcassets; sourceTree = "<group>"; };
		72DFD6671AD780F70006BDEB /* Base */ = {isa = PBXFileReference; lastKnownFileType = file.xib; name = Base; path = Base.lproj/LaunchScreen.xib; sourceTree = "<group>"; };
		72DFD66D1AD780F70006BDEB /* PostcardTests.xctest */ = {isa = PBXFileReference; explicitFileType = wrapper.cfbundle; includeInIndex = 0; path = PostcardTests.xctest; sourceTree = BUILT_PRODUCTS_DIR; };
		72DFD6721AD780F70006BDEB /* Info.plist */ = {isa = PBXFileReference; lastKnownFileType = text.plist.xml; path = Info.plist; sourceTree = "<group>"; };
		72DFD6731AD780F70006BDEB /* PostcardTests.swift */ = {isa = PBXFileReference; lastKnownFileType = sourcecode.swift; path = PostcardTests.swift; sourceTree = "<group>"; };
/* End PBXFileReference section */

/* Begin PBXFrameworksBuildPhase section */
		72DFD6551AD780F70006BDEB /* Frameworks */ = {
			isa = PBXFrameworksBuildPhase;
			buildActionMask = 2147483647;
			files = (
			);
			runOnlyForDeploymentPostprocessing = 0;
		};
		72DFD66A1AD780F70006BDEB /* Frameworks */ = {
			isa = PBXFrameworksBuildPhase;
			buildActionMask = 2147483647;
			files = (
			);
			runOnlyForDeploymentPostprocessing = 0;
		};
/* End PBXFrameworksBuildPhase section */

/* Begin PBXGroup section */
		72DFD64F1AD780F70006BDEB = {
			isa = PBXGroup;
			children = (
				72DFD65A1AD780F70006BDEB /* Postcard */,
				72DFD6701AD780F70006BDEB /* PostcardTests */,
				72DFD6591AD780F70006BDEB /* Products */,
			);
			sourceTree = "<group>";
		};
		72DFD6591AD780F70006BDEB /* Products */ = {
			isa = PBXGroup;
			children = (
				72DFD6581AD780F70006BDEB /* Postcard.app */,
				72DFD66D1AD780F70006BDEB /* PostcardTests.xctest */,
			);
			name = Products;
			sourceTree = "<group>";
		};
		72DFD65A1AD780F70006BDEB /* Postcard */ = {
			isa = PBXGroup;
			children = (
				72DFD65D1AD780F70006BDEB /* AppDelegate.swift */,
				72DFD65F1AD780F70006BDEB /* ViewController.swift */,
				72DFD6611AD780F70006BDEB /* Main.storyboard */,
				72DFD6641AD780F70006BDEB /* Images.xcassets */,
				72DFD6661AD780F70006BDEB /* LaunchScreen.xib */,
				72DFD65B1AD780F70006BDEB /* Supporting Files */,
			);
			path = Postcard;
			sourceTree = "<group>";
		};
		72DFD65B1AD780F70006BDEB /* Supporting Files */ = {
			isa = PBXGroup;
			children = (
				72DFD65C1AD780F70006BDEB /* Info.plist */,
			);
			name = "Supporting Files";
			sourceTree = "<group>";
		};
		72DFD6701AD780F70006BDEB /* PostcardTests */ = {
			isa = PBXGroup;
			children = (
				72DFD6731AD780F70006BDEB /* PostcardTests.swift */,
				72DFD6711AD780F70006BDEB /* Supporting Files */,
			);
			path = PostcardTests;
			sourceTree = "<group>";
		};
		72DFD6711AD780F70006BDEB /* Supporting Files */ = {
			isa = PBXGroup;
			children = (
				72DFD6721AD780F70006BDEB /* Info.plist */,
			);
			name = "Supporting Files";
			sourceTree = "<group>";
		};
/* End PBXGroup section */

/* Begin PBXNativeTarget section */
		72DFD6571AD780F70006BDEB /* Postcard */ = {
			isa = PBXNativeTarget;
			buildConfigurationList = 72DFD6771AD780F70006BDEB /* Build configuration list for PBXNativeTarget "Postcard" */;
			buildPhases = (
				72DFD6541AD780F70006BDEB /* Sources */,
				72DFD6551AD780F70006BDEB /* Frameworks */,
				72DFD6561AD780F70006BDEB /* Resources */,
			);
			buildRules = (
			);
			dependencies = (
			);
			name = Postcard;
			productName = Postcard;
			productReference = 72DFD6581AD780F70006BDEB /* Postcard.app */;
			productType = "com.apple.product-type.application";
		};
		72DFD66C1AD780F70006BDEB /* PostcardTests */ = {
			isa = PBXNativeTarget;
			buildConfigurationList = 72DFD67A1AD780F70006BDEB /* Build configuration list for PBXNativeTarget "PostcardTests" */;
			buildPhases = (
				72DFD6691AD780F70006BDEB /* Sources */,
				72DFD66A1AD780F70006BDEB /* Frameworks */,
				72DFD66B1AD780F70006BDEB /* Resources */,
			);
			buildRules = (
			);
			dependencies = (
				72DFD66F1AD780F70006BDEB /* PBXTargetDependency */,
			);
			name = PostcardTests;
			productName = PostcardTests;
			productReference = 72DFD66D1AD780F70006BDEB /* PostcardTests.xctest */;
			productType = "com.apple.product-type.bundle.unit-test";
		};
/* End PBXNativeTarget section */

/* Begin PBXProject section */
		72DFD6501AD780F70006BDEB /* Project object */ = {
			isa = PBXProject;
			attributes = {
				LastUpgradeCheck = 0630;
				ORGANIZATIONNAME = "Ed Prats";
				TargetAttributes = {
					72DFD6571AD780F70006BDEB = {
						CreatedOnToolsVersion = 6.3;
					};
					72DFD66C1AD780F70006BDEB = {
						CreatedOnToolsVersion = 6.3;
						TestTargetID = 72DFD6571AD780F70006BDEB;
					};
				};
			};
			buildConfigurationList = 72DFD6531AD780F70006BDEB /* Build configuration list for PBXProject "Postcard" */;
			compatibilityVersion = "Xcode 3.2";
			developmentRegion = English;
			hasScannedForEncodings = 0;
			knownRegions = (
				en,
				Base,
			);
			mainGroup = 72DFD64F1AD780F70006BDEB;
			productRefGroup = 72DFD6591AD780F70006BDEB /* Products */;
			projectDirPath = "";
			projectRoot = "";
			targets = (
				72DFD6571AD780F70006BDEB /* Postcard */,
				72DFD66C1AD780F70006BDEB /* PostcardTests */,
			);
		};
/* End PBXProject section */

/* Begin PBXResourcesBuildPhase section */
		72DFD6561AD780F70006BDEB /* Resources */ = {
			isa = PBXResourcesBuildPhase;
			buildActionMask = 2147483647;
			files = (
				72DFD6631AD780F70006BDEB /* Main.storyboard in Resources */,
				72DFD6681AD780F70006BDEB /* LaunchScreen.xib in Resources */,
				72DFD6651AD780F70006BDEB /* Images.xcassets in Resources */,
			);
			runOnlyForDeploymentPostprocessing = 0;
		};
		72DFD66B1AD780F70006BDEB /* Resources */ = {
			isa = PBXResourcesBuildPhase;
			buildActionMask = 2147483647;
			files = (
			);
			runOnlyForDeploymentPostprocessing = 0;
		};
/* End PBXResourcesBuildPhase section */

/* Begin PBXSourcesBuildPhase section */
		72DFD6541AD780F70006BDEB /* Sources */ = {
			isa = PBXSourcesBuildPhase;
			buildActionMask = 2147483647;
			files = (
				72DFD6601AD780F70006BDEB /* ViewController.swift in Sources */,
				72DFD65E1AD780F70006BDEB /* AppDelegate.swift in Sources */,
			);
			runOnlyForDeploymentPostprocessing = 0;
		};
		72DFD6691AD780F70006BDEB /* Sources */ = {
			isa = PBXSourcesBuildPhase;
			buildActionMask = 2147483647;
			files = (
				72DFD6741AD780F70006BDEB /* PostcardTests.swift in Sources */,
			);
			runOnlyForDeploymentPostprocessing = 0;
		};
/* End PBXSourcesBuildPhase section */

/* Begin PBXTargetDependency section */
		72DFD66F1AD780F70006BDEB /* PBXTargetDependency */ = {
			isa = PBXTargetDependency;
			target = 72DFD6571AD780F70006BDEB /* Postcard */;
			targetProxy = 72DFD66E1AD780F70006BDEB /* PBXContainerItemProxy */;
		};
/* End PBXTargetDependency section */

/* Begin PBXVariantGroup section */
		72DFD6611AD780F70006BDEB /* Main.storyboard */ = {
			isa = PBXVariantGroup;
			children = (
				72DFD6621AD780F70006BDEB /* Base */,
			);
			name = Main.storyboard;
			sourceTree = "<group>";
		};
		72DFD6661AD780F70006BDEB /* LaunchScreen.xib */ = {
			isa = PBXVariantGroup;
			children = (
				72DFD6671AD780F70006BDEB /* Base */,
			);
			name = LaunchScreen.xib;
			sourceTree = "<group>";
		};
/* End PBXVariantGroup section */

/* Begin XCBuildConfiguration section */
		72DFD6751AD780F70006BDEB /* Debug */ = {
			isa = XCBuildConfiguration;
			buildSettings = {
				ALWAYS_SEARCH_USER_PATHS = NO;
				CLANG_CXX_LANGUAGE_STANDARD = "gnu++0x";
				CLANG_CXX_LIBRARY = "libc++";
				CLANG_ENABLE_MODULES = YES;
				CLANG_ENABLE_OBJC_ARC = YES;
				CLANG_WARN_BOOL_CONVERSION = YES;
				CLANG_WARN_CONSTANT_CONVERSION = YES;
				CLANG_WARN_DIRECT_OBJC_ISA_USAGE = YES_ERROR;
				CLANG_WARN_EMPTY_BODY = YES;
				CLANG_WARN_ENUM_CONVERSION = YES;
				CLANG_WARN_INT_CONVERSION = YES;
				CLANG_WARN_OBJC_ROOT_CLASS = YES_ERROR;
				CLANG_WARN_UNREACHABLE_CODE = YES;
				CLANG_WARN__DUPLICATE_METHOD_MATCH = YES;
				"CODE_SIGN_IDENTITY[sdk=iphoneos*]" = "iPhone Developer";
				COPY_PHASE_STRIP = NO;
				DEBUG_INFORMATION_FORMAT = "dwarf-with-dsym";
				ENABLE_STRICT_OBJC_MSGSEND = YES;
				GCC_C_LANGUAGE_STANDARD = gnu99;
				GCC_DYNAMIC_NO_PIC = NO;
				GCC_NO_COMMON_BLOCKS = YES;
				GCC_OPTIMIZATION_LEVEL = 0;
				GCC_PREPROCESSOR_DEFINITIONS = (
					"DEBUG=1",
					"$(inherited)",
				);
				GCC_SYMBOLS_PRIVATE_EXTERN = NO;
				GCC_WARN_64_TO_32_BIT_CONVERSION = YES;
				GCC_WARN_ABOUT_RETURN_TYPE = YES_ERROR;
				GCC_WARN_UNDECLARED_SELECTOR = YES;
				GCC_WARN_UNINITIALIZED_AUTOS = YES_AGGRESSIVE;
				GCC_WARN_UNUSED_FUNCTION = YES;
				GCC_WARN_UNUSED_VARIABLE = YES;
				IPHONEOS_DEPLOYMENT_TARGET = 8.3;
				MTL_ENABLE_DEBUG_INFO = YES;
				ONLY_ACTIVE_ARCH = YES;
				SDKROOT = iphoneos;
				SWIFT_OPTIMIZATION_LEVEL = "-Onone";
				TARGETED_DEVICE_FAMILY = "1,2";
			};
			name = Debug;
		};
		72DFD6761AD780F70006BDEB /* Release */ = {
			isa = XCBuildConfiguration;
			buildSettings = {
				ALWAYS_SEARCH_USER_PATHS = NO;
				CLANG_CXX_LANGUAGE_STANDARD = "gnu++0x";
				CLANG_CXX_LIBRARY = "libc++";
				CLANG_ENABLE_MODULES = YES;
				CLANG_ENABLE_OBJC_ARC = YES;
				CLANG_WARN_BOOL_CONVERSION = YES;
				CLANG_WARN_CONSTANT_CONVERSION = YES;
				CLANG_WARN_DIRECT_OBJC_ISA_USAGE = YES_ERROR;
				CLANG_WARN_EMPTY_BODY = YES;
				CLANG_WARN_ENUM_CONVERSION = YES;
				CLANG_WARN_INT_CONVERSION = YES;
				CLANG_WARN_OBJC_ROOT_CLASS = YES_ERROR;
				CLANG_WARN_UNREACHABLE_CODE = YES;
				CLANG_WARN__DUPLICATE_METHOD_MATCH = YES;
				"CODE_SIGN_IDENTITY[sdk=iphoneos*]" = "iPhone Developer";
				COPY_PHASE_STRIP = NO;
				DEBUG_INFORMATION_FORMAT = "dwarf-with-dsym";
				ENABLE_NS_ASSERTIONS = NO;
				ENABLE_STRICT_OBJC_MSGSEND = YES;
				GCC_C_LANGUAGE_STANDARD = gnu99;
				GCC_NO_COMMON_BLOCKS = YES;
				GCC_WARN_64_TO_32_BIT_CONVERSION = YES;
				GCC_WARN_ABOUT_RETURN_TYPE = YES_ERROR;
				GCC_WARN_UNDECLARED_SELECTOR = YES;
				GCC_WARN_UNINITIALIZED_AUTOS = YES_AGGRESSIVE;
				GCC_WARN_UNUSED_FUNCTION = YES;
				GCC_WARN_UNUSED_VARIABLE = YES;
				IPHONEOS_DEPLOYMENT_TARGET = 8.3;
				MTL_ENABLE_DEBUG_INFO = NO;
				SDKROOT = iphoneos;
				TARGETED_DEVICE_FAMILY = "1,2";
				VALIDATE_PRODUCT = YES;
			};
			name = Release;
		};
		72DFD6781AD780F70006BDEB /* Debug */ = {
			isa = XCBuildConfiguration;
			buildSettings = {
				ASSETCATALOG_COMPILER_APPICON_NAME = AppIcon;
				INFOPLIST_FILE = Postcard/Info.plist;
				LD_RUNPATH_SEARCH_PATHS = "$(inherited) @executable_path/Frameworks";
				PRODUCT_NAME = "$(TARGET_NAME)";
			};
			name = Debug;
		};
		72DFD6791AD780F70006BDEB /* Release */ = {
			isa = XCBuildConfiguration;
			buildSettings = {
				ASSETCATALOG_COMPILER_APPICON_NAME = AppIcon;
				INFOPLIST_FILE = Postcard/Info.plist;
				LD_RUNPATH_SEARCH_PATHS = "$(inherited) @executable_path/Frameworks";
				PRODUCT_NAME = "$(TARGET_NAME)";
			};
			name = Release;
		};
		72DFD67B1AD780F70006BDEB /* Debug */ = {
			isa = XCBuildConfiguration;
			buildSettings = {
				BUNDLE_LOADER = "$(TEST_HOST)";
				FRAMEWORK_SEARCH_PATHS = (
					"$(SDKROOT)/Developer/Library/Frameworks",
					"$(inherited)",
				);
				GCC_PREPROCESSOR_DEFINITIONS = (
					"DEBUG=1",
					"$(inherited)",
				);
				INFOPLIST_FILE = PostcardTests/Info.plist;
				LD_RUNPATH_SEARCH_PATHS = "$(inherited) @executable_path/Frameworks @loader_path/Frameworks";
				PRODUCT_NAME = "$(TARGET_NAME)";
				TEST_HOST = "$(BUILT_PRODUCTS_DIR)/Postcard.app/Postcard";
			};
			name = Debug;
		};
		72DFD67C1AD780F70006BDEB /* Release */ = {
			isa = XCBuildConfiguration;
			buildSettings = {
				BUNDLE_LOADER = "$(TEST_HOST)";
				FRAMEWORK_SEARCH_PATHS = (
					"$(SDKROOT)/Developer/Library/Frameworks",
					"$(inherited)",
				);
				INFOPLIST_FILE = PostcardTests/Info.plist;
				LD_RUNPATH_SEARCH_PATHS = "$(inherited) @executable_path/Frameworks @loader_path/Frameworks";
				PRODUCT_NAME = "$(TARGET_NAME)";
				TEST_HOST = "$(BUILT_PRODUCTS_DIR)/Postcard.app/Postcard";
			};
			name = Release;
		};
/* End XCBuildConfiguration section */

/* Begin XCConfigurationList section */
		72DFD6531AD780F70006BDEB /* Build configuration list for PBXProject "Postcard" */ = {
			isa = XCConfigurationList;
			buildConfigurations = (
				72DFD6751AD780F70006BDEB /* Debug */,
				72DFD6761AD780F70006BDEB /* Release */,
			);
			defaultConfigurationIsVisible = 0;
			defaultConfigurationName = Release;
		};
		72DFD6771AD780F70006BDEB /* Build configuration list for PBXNativeTarget "Postcard" */ = {
			isa = XCConfigurationList;
			buildConfigurations = (
				72DFD6781AD780F70006BDEB /* Debug */,
				72DFD6791AD780F70006BDEB /* Release */,
			);
			defaultConfigurationIsVisible = 0;
		};
		72DFD67A1AD780F70006BDEB /* Build configuration list for PBXNativeTarget "PostcardTests" */ = {
			isa = XCConfigurationList;
			buildConfigurations = (
				72DFD67B1AD780F70006BDEB /* Debug */,
				72DFD67C1AD780F70006BDEB /* Release */,
			);
			defaultConfigurationIsVisible = 0;
		};
/* End XCConfigurationList section */
	};
	rootObject = 72DFD6501AD780F70006BDEB /* Project object */;
}
